PODS:
  - Alamofire (4.8.2)
  - AlamofireImage (3.4.1):
    - Alamofire (~> 4.7)
  - AlamofireNetworkActivityLogger (2.4.0):
    - Alamofire (~> 4.8)
  - DeviceKit (1.8.1)
  - Disk (0.4.0)
  - HandyJSON (4.2.1)
  - Realm (3.21.0):
    - Realm/Headers (= 3.21.0)
  - Realm/Headers (3.21.0)
  - RealmSwift (3.21.0):
    - Realm (= 3.21.0)
  - SnapKit (4.2.0)
  - SwiftDate (5.0.13)
  - SwiftMessageBar (5.4.2)
  - SwiftyJSON (4.2.0)

DEPENDENCIES:
  - Alamofire (~> 4.8.0)
  - AlamofireImage (~> 3.4.1)
  - AlamofireNetworkActivityLogger (~> 2.4.0)
  - DeviceKit (~> 1.8.1)
  - Disk (~> 0.4.0)
  - HandyJSON (~> 4.2.1)
  - RealmSwift (~> 3.13)
  - SnapKit (~> 4.2.0)
  - SwiftDate (~> 5.0.9)
  - SwiftMessageBar (~> 5.4.2)
  - SwiftyJSON (~> 4.2.0)

SPEC REPOS:
  https://github.com/cocoapods/specs.git:
    - Alamofire
    - AlamofireImage
    - AlamofireNetworkActivityLogger
    - DeviceKit
    - Disk
    - HandyJSON
    - Realm
    - RealmSwift
    - SnapKit
    - SwiftDate
    - SwiftMessageBar
    - SwiftyJSON

SPEC CHECKSUMS:
  Alamofire: ae5c501addb7afdbb13687d7f2f722c78734c2d3
  AlamofireImage: 78d67ccbb763d87ba44b21583d2153500a195630
  AlamofireNetworkActivityLogger: 6d3398c692d2c5d83b0c58793537860aca1e383d
  DeviceKit: eb29be542f5473b46b1c719011cf7de3ec5264ca
  Disk: ef2956657d5bb56034b38b29b352170165226440
  HandyJSON: d0c5fc80204f29056d59d3e5c4587fa0b16b60a8
  Realm: 38e9dcb19104b58407167d99f70d4995f7c16023
  RealmSwift: 3183cc1ad48378fbcd634311b22c0e6c44021152
  SnapKit: fe8a619752f3f27075cc9a90244d75c6c3f27e2a
  SwiftDate: f4aea5fa9dee812485f34041121a4cbde01b0dee
  SwiftMessageBar: bb0ca6eba6725887004bfaba0b35225681b6bd18
  SwiftyJSON: c4bcba26dd9ec7a027fc8eade48e2c911f229e96

PODFILE CHECKSUM: e86e07d45927723c5b50578f34c678e3844144d6

COCOAPODS: 1.7.2
