PODS:
  - Alamofire (4.9.1)
  - AlamofireImage (3.6.0):
    - Alamofire (~> 4.9)
  - AlamofireNetworkActivityLogger (2.4.0):
    - Alamofire (~> 4.8)
  - DeviceKit (2.3.0)
  - FCAlertView (1.4.0)
  - Gifu (3.2.0)
  - IQKeyboardManager (6.5.3)
  - Realm (3.21.0):
    - Realm/Headers (= 3.21.0)
  - Realm/Headers (3.21.0)
  - RealmSwift (3.21.0):
    - Realm (= 3.21.0)
  - SnapKit (4.2.0)
  - SwiftDate (5.0.13)
  - SwiftMessageBar (5.4.2)
  - SwiftyJSON (4.2.0)

DEPENDENCIES:
  - Alamofire (~> 4.0)
  - AlamofireImage (~> 3.5)
  - AlamofireNetworkActivityLogger
  - DeviceKit
  - FCAlertView
  - Gifu
  - IQKeyboardManager
  - RealmSwift (~> 3.13)
  - SnapKit (~> 4.2.0)
  - SwiftDate (~> 5.0.9)
  - SwiftMessageBar (~> 5.4.2)
  - SwiftyJSON (~> 4.2.0)

SPEC REPOS:
  https://github.com/cocoapods/specs.git:
    - Alamofire
    - AlamofireImage
    - AlamofireNetworkActivityLogger
    - DeviceKit
    - FCAlertView
    - Gifu
    - IQKeyboardManager
    - Realm
    - RealmSwift
    - SnapKit
    - SwiftDate
    - SwiftMessageBar
    - SwiftyJSON

SPEC CHECKSUMS:
  Alamofire: 85e8a02c69d6020a0d734f6054870d7ecb75cf18
  AlamofireImage: be9963c6582d68b39e89191f64c82a7d7bf40fdd
  AlamofireNetworkActivityLogger: 6d3398c692d2c5d83b0c58793537860aca1e383d
  DeviceKit: da103891aa928d89f64ea8dd8aca738c5f3d8ac0
  FCAlertView: fdddd63381898c1d1a5a20c9f084fbd2c6d12f8b
  Gifu: 7bcb6427457d85e0b4dff5a84ec5947ac19a93ea
  IQKeyboardManager: c2f901164d56807a35788483584d09fa69192e8e
  Realm: 38e9dcb19104b58407167d99f70d4995f7c16023
  RealmSwift: 3183cc1ad48378fbcd634311b22c0e6c44021152
  SnapKit: fe8a619752f3f27075cc9a90244d75c6c3f27e2a
  SwiftDate: f4aea5fa9dee812485f34041121a4cbde01b0dee
  SwiftMessageBar: bb0ca6eba6725887004bfaba0b35225681b6bd18
  SwiftyJSON: c4bcba26dd9ec7a027fc8eade48e2c911f229e96

PODFILE CHECKSUM: fd18f59c53ef08a9312579fbd8a74cf35989ae4c

COCOAPODS: 1.7.2
